{
  "name": "3rdSec",
  "lockfileVersion": 3,
  "requires": true,
  "packages": {
    "": {
      "dependencies": {
        "simpledotcss": "^2.3.1"
      }
    },
    "node_modules/simpledotcss": {
      "version": "2.3.1",
      "resolved": "https://registry.npmjs.org/simpledotcss/-/simpledotcss-2.3.1.tgz",
      "integrity": "sha512-O8DlYBFUzCfogF7R1dCi94nvKSc8cFuyqFbHbpqPFNjWrWdCrzLxAqfqGDAg/pXaMvdqZdL0TdHuyO0BYcWhDQ=="
    }
  }
}
